
Microsoft Visual Studio Solution File, Format Version 12.00
# Visual Studio Version 16
VisualStudioVersion = 16.0.30413.136
MinimumVisualStudioVersion = 10.0.40219.1
Project("{FAE04EC0-301F-11D3-BF4B-00C04F79EFBC}") = "MiCalculadora", "MiCalculadora\MiCalculadora.csproj", "{0A10E2E3-5234-488B-AF96-624D12306B10}"
EndProject
Project("{FAE04EC0-301F-11D3-BF4B-00C04F79EFBC}") = "Entidades", "Entidades\Entidades.csproj", "{EE51F45E-E01D-4E1B-A281-D0FBFECECAA9}"
EndProject
Global
	GlobalSection(SolutionConfigurationPlatforms) = preSolution
		Debug|Any CPU = Debug|Any CPU
		Release|Any CPU = Release|Any CPU
	EndGlobalSection
	GlobalSection(ProjectConfigurationPlatforms) = postSolution
		{0A10E2E3-5234-488B-AF96-624D12306B10}.Debug|Any CPU.ActiveCfg = Debug|Any CPU
		{0A10E2E3-5234-488B-AF96-624D12306B10}.Debug|Any CPU.Build.0 = Debug|Any CPU
		{0A10E2E3-5234-488B-AF96-624D12306B10}.Release|Any CPU.ActiveCfg = Release|Any CPU
		{0A10E2E3-5234-488B-AF96-624D12306B10}.Release|Any CPU.Build.0 = Release|Any CPU
		{EE51F45E-E01D-4E1B-A281-D0FBFECECAA9}.Debug|Any CPU.ActiveCfg = Debug|Any CPU
		{EE51F45E-E01D-4E1B-A281-D0FBFECECAA9}.Debug|Any CPU.Build.0 = Debug|Any CPU
		{EE51F45E-E01D-4E1B-A281-D0FBFECECAA9}.Release|Any CPU.ActiveCfg = Release|Any CPU
		{EE51F45E-E01D-4E1B-A281-D0FBFECECAA9}.Release|Any CPU.Build.0 = Release|Any CPU
	EndGlobalSection
	GlobalSection(SolutionProperties) = preSolution
		HideSolutionNode = FALSE
	EndGlobalSection
	GlobalSection(ExtensibilityGlobals) = postSolution
		SolutionGuid = {13E0A350-28EA-4A9D-9139-DC94FD28D2BF}
	EndGlobalSection
EndGlobal
